
Microsoft Visual Studio Solution File, Format Version 12.00
# Visual Studio Version 16
VisualStudioVersion = 16.0.30516.212
MinimumVisualStudioVersion = 10.0.40219.1
Project("{2150E333-8FDC-42A3-9474-1A3956D46DE8}") = "Solution Items", "Solution Items", "{C242E496-71CD-4AF5-B5D2-AAD23965676D}"
	ProjectSection(SolutionItems) = preProject
		.gitignore = .gitignore
		LICENSE.txt = LICENSE.txt
		docs\README.md = docs\README.md
	EndProjectSection
EndProject
Project("{2150E333-8FDC-42A3-9474-1A3956D46DE8}") = "src", "src", "{64C336A4-5E9A-4B7D-8160-F0ABFB765129}"
EndProject
Project("{FAE04EC0-301F-11D3-BF4B-00C04F79EFBC}") = "System.Data.SQLite.EF6.Migrations", "src\System.Data.SQLite.EF6.Migrations\System.Data.SQLite.EF6.Migrations.csproj", "{2F888BBB-A766-4E2B-9A1F-00ADE194E419}"
EndProject
Project("{2150E333-8FDC-42A3-9474-1A3956D46DE8}") = "tests", "tests", "{6AD41F64-5455-4A7B-88B8-539895566235}"
EndProject
Project("{FAE04EC0-301F-11D3-BF4B-00C04F79EFBC}") = "System.Data.SQLite.EF6.Migrations.Test", "tests\System.Data.SQLite.EF6.Migrations.Test\System.Data.SQLite.EF6.Migrations.Test.csproj", "{08C85E7A-F0D1-4EE1-AC45-2D895B2F5DB4}"
EndProject
Global
	GlobalSection(SolutionConfigurationPlatforms) = preSolution
		Debug|Any CPU = Debug|Any CPU
		Release|Any CPU = Release|Any CPU
	EndGlobalSection
	GlobalSection(ProjectConfigurationPlatforms) = postSolution
		{2F888BBB-A766-4E2B-9A1F-00ADE194E419}.Debug|Any CPU.ActiveCfg = Debug|Any CPU
		{2F888BBB-A766-4E2B-9A1F-00ADE194E419}.Debug|Any CPU.Build.0 = Debug|Any CPU
		{2F888BBB-A766-4E2B-9A1F-00ADE194E419}.Release|Any CPU.ActiveCfg = Release|Any CPU
		{2F888BBB-A766-4E2B-9A1F-00ADE194E419}.Release|Any CPU.Build.0 = Release|Any CPU
		{08C85E7A-F0D1-4EE1-AC45-2D895B2F5DB4}.Debug|Any CPU.ActiveCfg = Debug|Any CPU
		{08C85E7A-F0D1-4EE1-AC45-2D895B2F5DB4}.Debug|Any CPU.Build.0 = Debug|Any CPU
		{08C85E7A-F0D1-4EE1-AC45-2D895B2F5DB4}.Release|Any CPU.ActiveCfg = Release|Any CPU
		{08C85E7A-F0D1-4EE1-AC45-2D895B2F5DB4}.Release|Any CPU.Build.0 = Release|Any CPU
	EndGlobalSection
	GlobalSection(SolutionProperties) = preSolution
		HideSolutionNode = FALSE
	EndGlobalSection
	GlobalSection(NestedProjects) = preSolution
		{2F888BBB-A766-4E2B-9A1F-00ADE194E419} = {64C336A4-5E9A-4B7D-8160-F0ABFB765129}
		{08C85E7A-F0D1-4EE1-AC45-2D895B2F5DB4} = {6AD41F64-5455-4A7B-88B8-539895566235}
	EndGlobalSection
	GlobalSection(ExtensibilityGlobals) = postSolution
		SolutionGuid = {907EB4A5-9C45-4ABB-A9D2-284B83F95361}
	EndGlobalSection
EndGlobal
